
Microsoft Visual Studio Solution File, Format Version 12.00
# Visual Studio Version 17
VisualStudioVersion = 17.9.34728.123
MinimumVisualStudioVersion = 10.0.40219.1
Project("{9A19103F-16F7-4668-BE54-9A1E7A4F7556}") = "Concert.API", "Concert.API\Concert.API.csproj", "{664449DA-107A-4FCA-A1E3-641870D4C8D0}"
EndProject
Project("{9A19103F-16F7-4668-BE54-9A1E7A4F7556}") = "Concert.Utility", "Concert.Utility\Concert.Utility.csproj", "{7C0B6E2A-4834-4F24-AC22-EF2EC78C8985}"
EndProject
Project("{9A19103F-16F7-4668-BE54-9A1E7A4F7556}") = "Concert.UI", "Concert.UI\Concert.UI.csproj", "{B62085C7-69CF-4B28-975C-330A5786BA50}"
EndProject
Project("{FAE04EC0-301F-11D3-BF4B-00C04F79EFBC}") = "Concert.API.Tests", "Concert.API.Tests\Concert.API.Tests.csproj", "{841FD57B-5021-4F1D-B5C2-14B932D614B7}"
EndProject
Global
	GlobalSection(SolutionConfigurationPlatforms) = preSolution
		Debug|Any CPU = Debug|Any CPU
		Release|Any CPU = Release|Any CPU
	EndGlobalSection
	GlobalSection(ProjectConfigurationPlatforms) = postSolution
		{664449DA-107A-4FCA-A1E3-641870D4C8D0}.Debug|Any CPU.ActiveCfg = Debug|Any CPU
		{664449DA-107A-4FCA-A1E3-641870D4C8D0}.Debug|Any CPU.Build.0 = Debug|Any CPU
		{664449DA-107A-4FCA-A1E3-641870D4C8D0}.Release|Any CPU.ActiveCfg = Release|Any CPU
		{664449DA-107A-4FCA-A1E3-641870D4C8D0}.Release|Any CPU.Build.0 = Release|Any CPU
		{7C0B6E2A-4834-4F24-AC22-EF2EC78C8985}.Debug|Any CPU.ActiveCfg = Debug|Any CPU
		{7C0B6E2A-4834-4F24-AC22-EF2EC78C8985}.Debug|Any CPU.Build.0 = Debug|Any CPU
		{7C0B6E2A-4834-4F24-AC22-EF2EC78C8985}.Release|Any CPU.ActiveCfg = Release|Any CPU
		{7C0B6E2A-4834-4F24-AC22-EF2EC78C8985}.Release|Any CPU.Build.0 = Release|Any CPU
		{B62085C7-69CF-4B28-975C-330A5786BA50}.Debug|Any CPU.ActiveCfg = Debug|Any CPU
		{B62085C7-69CF-4B28-975C-330A5786BA50}.Debug|Any CPU.Build.0 = Debug|Any CPU
		{B62085C7-69CF-4B28-975C-330A5786BA50}.Release|Any CPU.ActiveCfg = Release|Any CPU
		{B62085C7-69CF-4B28-975C-330A5786BA50}.Release|Any CPU.Build.0 = Release|Any CPU
		{841FD57B-5021-4F1D-B5C2-14B932D614B7}.Debug|Any CPU.ActiveCfg = Debug|Any CPU
		{841FD57B-5021-4F1D-B5C2-14B932D614B7}.Debug|Any CPU.Build.0 = Debug|Any CPU
		{841FD57B-5021-4F1D-B5C2-14B932D614B7}.Release|Any CPU.ActiveCfg = Release|Any CPU
		{841FD57B-5021-4F1D-B5C2-14B932D614B7}.Release|Any CPU.Build.0 = Release|Any CPU
	EndGlobalSection
	GlobalSection(SolutionProperties) = preSolution
		HideSolutionNode = FALSE
	EndGlobalSection
	GlobalSection(ExtensibilityGlobals) = postSolution
		SolutionGuid = {6B48A42B-1F40-4188-8833-D8E519AF2596}
	EndGlobalSection
EndGlobal
